
Microsoft Visual Studio Solution File, Format Version 12.00
# Visual Studio 15
VisualStudioVersion = 15.0.28307.1267
MinimumVisualStudioVersion = 10.0.40219.1
Project("{8BC9CEB8-8B4A-11D0-8D11-00A0C91BC942}") = "LUA", "LUA\LUA.vcxproj", "{38C523BA-B8C9-464F-8FCA-EC4A8C1E4AD6}"
EndProject
Global
	GlobalSection(SolutionConfigurationPlatforms) = preSolution
		Debug_lib_md|x64 = Debug_lib_md|x64
		Debug_lib_md|x86 = Debug_lib_md|x86
		Debug_lib_mt|x64 = Debug_lib_mt|x64
		Debug_lib_mt|x86 = Debug_lib_mt|x86
		Debug_test|x64 = Debug_test|x64
		Debug_test|x86 = Debug_test|x86
		Release_lib_md|x64 = Release_lib_md|x64
		Release_lib_md|x86 = Release_lib_md|x86
		Release_lib_mt|x64 = Release_lib_mt|x64
		Release_lib_mt|x86 = Release_lib_mt|x86
		Release_test|x64 = Release_test|x64
		Release_test|x86 = Release_test|x86
	EndGlobalSection
	GlobalSection(ProjectConfigurationPlatforms) = postSolution
		{38C523BA-B8C9-464F-8FCA-EC4A8C1E4AD6}.Debug_lib_md|x64.ActiveCfg = Debug_lib_md|x64
		{38C523BA-B8C9-464F-8FCA-EC4A8C1E4AD6}.Debug_lib_md|x64.Build.0 = Debug_lib_md|x64
		{38C523BA-B8C9-464F-8FCA-EC4A8C1E4AD6}.Debug_lib_md|x86.ActiveCfg = Debug_lib_md|Win32
		{38C523BA-B8C9-464F-8FCA-EC4A8C1E4AD6}.Debug_lib_md|x86.Build.0 = Debug_lib_md|Win32
		{38C523BA-B8C9-464F-8FCA-EC4A8C1E4AD6}.Debug_lib_mt|x64.ActiveCfg = Debug_lib_mt|x64
		{38C523BA-B8C9-464F-8FCA-EC4A8C1E4AD6}.Debug_lib_mt|x64.Build.0 = Debug_lib_mt|x64
		{38C523BA-B8C9-464F-8FCA-EC4A8C1E4AD6}.Debug_lib_mt|x86.ActiveCfg = Debug_lib_mt|Win32
		{38C523BA-B8C9-464F-8FCA-EC4A8C1E4AD6}.Debug_lib_mt|x86.Build.0 = Debug_lib_mt|Win32
		{38C523BA-B8C9-464F-8FCA-EC4A8C1E4AD6}.Debug_test|x64.ActiveCfg = Debug_test|x64
		{38C523BA-B8C9-464F-8FCA-EC4A8C1E4AD6}.Debug_test|x64.Build.0 = Debug_test|x64
		{38C523BA-B8C9-464F-8FCA-EC4A8C1E4AD6}.Debug_test|x86.ActiveCfg = Debug_test|Win32
		{38C523BA-B8C9-464F-8FCA-EC4A8C1E4AD6}.Debug_test|x86.Build.0 = Debug_test|Win32
		{38C523BA-B8C9-464F-8FCA-EC4A8C1E4AD6}.Release_lib_md|x64.ActiveCfg = Release_lib_md|x64
		{38C523BA-B8C9-464F-8FCA-EC4A8C1E4AD6}.Release_lib_md|x64.Build.0 = Release_lib_md|x64
		{38C523BA-B8C9-464F-8FCA-EC4A8C1E4AD6}.Release_lib_md|x86.ActiveCfg = Release_lib_md|Win32
		{38C523BA-B8C9-464F-8FCA-EC4A8C1E4AD6}.Release_lib_md|x86.Build.0 = Release_lib_md|Win32
		{38C523BA-B8C9-464F-8FCA-EC4A8C1E4AD6}.Release_lib_mt|x64.ActiveCfg = Release_lib_mt|x64
		{38C523BA-B8C9-464F-8FCA-EC4A8C1E4AD6}.Release_lib_mt|x64.Build.0 = Release_lib_mt|x64
		{38C523BA-B8C9-464F-8FCA-EC4A8C1E4AD6}.Release_lib_mt|x86.ActiveCfg = Release_lib_mt|Win32
		{38C523BA-B8C9-464F-8FCA-EC4A8C1E4AD6}.Release_lib_mt|x86.Build.0 = Release_lib_mt|Win32
		{38C523BA-B8C9-464F-8FCA-EC4A8C1E4AD6}.Release_test|x64.ActiveCfg = Release_test|x64
		{38C523BA-B8C9-464F-8FCA-EC4A8C1E4AD6}.Release_test|x64.Build.0 = Release_test|x64
		{38C523BA-B8C9-464F-8FCA-EC4A8C1E4AD6}.Release_test|x86.ActiveCfg = Release_test|Win32
		{38C523BA-B8C9-464F-8FCA-EC4A8C1E4AD6}.Release_test|x86.Build.0 = Release_test|Win32
	EndGlobalSection
	GlobalSection(SolutionProperties) = preSolution
		HideSolutionNode = FALSE
	EndGlobalSection
	GlobalSection(ExtensibilityGlobals) = postSolution
		SolutionGuid = {AC2EE7E1-DF85-4B3E-A830-23D8C84563F6}
	EndGlobalSection
EndGlobal
